
Microsoft Visual Studio Solution File, Format Version 12.00
# Visual Studio Version 16
VisualStudioVersion = 16.0.32106.194
MinimumVisualStudioVersion = 10.0.40219.1
Project("{FAE04EC0-301F-11D3-BF4B-00C04F79EFBC}") = "Two-dimensional-array", "Two-dimensional-array\Two-dimensional-array.csproj", "{1F4BC80A-831B-43CE-AB85-74251BD31AF0}"
EndProject
Global
	GlobalSection(SolutionConfigurationPlatforms) = preSolution
		Debug|Any CPU = Debug|Any CPU
		Release|Any CPU = Release|Any CPU
	EndGlobalSection
	GlobalSection(ProjectConfigurationPlatforms) = postSolution
		{1F4BC80A-831B-43CE-AB85-74251BD31AF0}.Debug|Any CPU.ActiveCfg = Debug|Any CPU
		{1F4BC80A-831B-43CE-AB85-74251BD31AF0}.Debug|Any CPU.Build.0 = Debug|Any CPU
		{1F4BC80A-831B-43CE-AB85-74251BD31AF0}.Release|Any CPU.ActiveCfg = Release|Any CPU
		{1F4BC80A-831B-43CE-AB85-74251BD31AF0}.Release|Any CPU.Build.0 = Release|Any CPU
	EndGlobalSection
	GlobalSection(SolutionProperties) = preSolution
		HideSolutionNode = FALSE
	EndGlobalSection
	GlobalSection(ExtensibilityGlobals) = postSolution
		SolutionGuid = {276A4E13-23E1-45DE-971E-81475399C43A}
	EndGlobalSection
EndGlobal
